// !$*UTF8*$!
{
	archiveVersion = 1;
	classes = {
	};
	objectVersion = 56;
	objects = {

/* Begin PBXBuildFile section */
		8BE8F20D2AE917DF00D758B2 /* AppDelegate.swift in Sources */ = {isa = PBXBuildFile; fileRef = 8BE8F20C2AE917DF00D758B2 /* AppDelegate.swift */; };
		8BE8F20F2AE917DF00D758B2 /* SceneDelegate.swift in Sources */ = {isa = PBXBuildFile; fileRef = 8BE8F20E2AE917DF00D758B2 /* SceneDelegate.swift */; };
		8BE8F2112AE917DF00D758B2 /* ViewController.swift in Sources */ = {isa = PBXBuildFile; fileRef = 8BE8F2102AE917DF00D758B2 /* ViewController.swift */; };
		8BE8F2162AE917E000D758B2 /* Assets.xcassets in Resources */ = {isa = PBXBuildFile; fileRef = 8BE8F2152AE917E000D758B2 /* Assets.xcassets */; };
		8BE8F2192AE917E000D758B2 /* LaunchScreen.storyboard in Resources */ = {isa = PBXBuildFile; fileRef = 8BE8F2172AE917E000D758B2 /* LaunchScreen.storyboard */; };
		8BE8F2212AE9199B00D758B2 /* ViewControllerCollectionCell.swift in Sources */ = {isa = PBXBuildFile; fileRef = 8BE8F2202AE9199B00D758B2 /* ViewControllerCollectionCell.swift */; };
		8BE8F2232AE919D200D758B2 /* CellsReusingUtils.swift in Sources */ = {isa = PBXBuildFile; fileRef = 8BE8F2222AE919D200D758B2 /* CellsReusingUtils.swift */; };
		8BE8F2272AE9CCC100D758B2 /* GameModel.swift in Sources */ = {isa = PBXBuildFile; fileRef = 8BE8F2262AE9CCC100D758B2 /* GameModel.swift */; };
		8BE8F2292AE9DA3200D758B2 /* CustomUILabel.swift in Sources */ = {isa = PBXBuildFile; fileRef = 8BE8F2282AE9DA3200D758B2 /* CustomUILabel.swift */; };
/* End PBXBuildFile section */

/* Begin PBXFileReference section */
		8BE8F2092AE917DF00D758B2 /* HSE-AI-TicTacToe.app */ = {isa = PBXFileReference; explicitFileType = wrapper.application; includeInIndex = 0; path = "HSE-AI-TicTacToe.app"; sourceTree = BUILT_PRODUCTS_DIR; };
		8BE8F20C2AE917DF00D758B2 /* AppDelegate.swift */ = {isa = PBXFileReference; lastKnownFileType = sourcecode.swift; path = AppDelegate.swift; sourceTree = "<group>"; };
		8BE8F20E2AE917DF00D758B2 /* SceneDelegate.swift */ = {isa = PBXFileReference; lastKnownFileType = sourcecode.swift; path = SceneDelegate.swift; sourceTree = "<group>"; };
		8BE8F2102AE917DF00D758B2 /* ViewController.swift */ = {isa = PBXFileReference; lastKnownFileType = sourcecode.swift; path = ViewController.swift; sourceTree = "<group>"; };
		8BE8F2152AE917E000D758B2 /* Assets.xcassets */ = {isa = PBXFileReference; lastKnownFileType = folder.assetcatalog; path = Assets.xcassets; sourceTree = "<group>"; };
		8BE8F2182AE917E000D758B2 /* Base */ = {isa = PBXFileReference; lastKnownFileType = file.storyboard; name = Base; path = Base.lproj/LaunchScreen.storyboard; sourceTree = "<group>"; };
		8BE8F21A2AE917E000D758B2 /* Info.plist */ = {isa = PBXFileReference; lastKnownFileType = text.plist.xml; path = Info.plist; sourceTree = "<group>"; };
		8BE8F2202AE9199B00D758B2 /* ViewControllerCollectionCell.swift */ = {isa = PBXFileReference; lastKnownFileType = sourcecode.swift; path = ViewControllerCollectionCell.swift; sourceTree = "<group>"; };
		8BE8F2222AE919D200D758B2 /* CellsReusingUtils.swift */ = {isa = PBXFileReference; lastKnownFileType = sourcecode.swift; path = CellsReusingUtils.swift; sourceTree = "<group>"; };
		8BE8F2262AE9CCC100D758B2 /* GameModel.swift */ = {isa = PBXFileReference; lastKnownFileType = sourcecode.swift; path = GameModel.swift; sourceTree = "<group>"; };
		8BE8F2282AE9DA3200D758B2 /* CustomUILabel.swift */ = {isa = PBXFileReference; lastKnownFileType = sourcecode.swift; path = CustomUILabel.swift; sourceTree = "<group>"; };
/* End PBXFileReference section */

/* Begin PBXFrameworksBuildPhase section */
		8BE8F2062AE917DF00D758B2 /* Frameworks */ = {
			isa = PBXFrameworksBuildPhase;
			buildActionMask = 2147483647;
			files = (
			);
			runOnlyForDeploymentPostprocessing = 0;
		};
/* End PBXFrameworksBuildPhase section */

/* Begin PBXGroup section */
		8BE8F2002AE917DF00D758B2 = {
			isa = PBXGroup;
			children = (
				8BE8F20B2AE917DF00D758B2 /* HSE-AI-TicTacToe */,
				8BE8F20A2AE917DF00D758B2 /* Products */,
			);
			sourceTree = "<group>";
		};
		8BE8F20A2AE917DF00D758B2 /* Products */ = {
			isa = PBXGroup;
			children = (
				8BE8F2092AE917DF00D758B2 /* HSE-AI-TicTacToe.app */,
			);
			name = Products;
			sourceTree = "<group>";
		};
		8BE8F20B2AE917DF00D758B2 /* HSE-AI-TicTacToe */ = {
			isa = PBXGroup;
			children = (
				8BE8F20C2AE917DF00D758B2 /* AppDelegate.swift */,
				8BE8F20E2AE917DF00D758B2 /* SceneDelegate.swift */,
				8BE8F2262AE9CCC100D758B2 /* GameModel.swift */,
				8BE8F2102AE917DF00D758B2 /* ViewController.swift */,
				8BE8F2202AE9199B00D758B2 /* ViewControllerCollectionCell.swift */,
				8BE8F21A2AE917E000D758B2 /* Info.plist */,
				8BE8F2152AE917E000D758B2 /* Assets.xcassets */,
				8BE8F2172AE917E000D758B2 /* LaunchScreen.storyboard */,
				8BE8F22A2AE9DCDF00D758B2 /* Utils */,
			);
			path = "HSE-AI-TicTacToe";
			sourceTree = "<group>";
		};
		8BE8F22A2AE9DCDF00D758B2 /* Utils */ = {
			isa = PBXGroup;
			children = (
				8BE8F2222AE919D200D758B2 /* CellsReusingUtils.swift */,
				8BE8F2282AE9DA3200D758B2 /* CustomUILabel.swift */,
			);
			path = Utils;
			sourceTree = "<group>";
		};
/* End PBXGroup section */

/* Begin PBXNativeTarget section */
		8BE8F2082AE917DF00D758B2 /* HSE-AI-TicTacToe */ = {
			isa = PBXNativeTarget;
			buildConfigurationList = 8BE8F21D2AE917E000D758B2 /* Build configuration list for PBXNativeTarget "HSE-AI-TicTacToe" */;
			buildPhases = (
				8BE8F2052AE917DF00D758B2 /* Sources */,
				8BE8F2062AE917DF00D758B2 /* Frameworks */,
				8BE8F2072AE917DF00D758B2 /* Resources */,
			);
			buildRules = (
			);
			dependencies = (
			);
			name = "HSE-AI-TicTacToe";
			productName = "HSE-AI-TicTacToe";
			productReference = 8BE8F2092AE917DF00D758B2 /* HSE-AI-TicTacToe.app */;
			productType = "com.apple.product-type.application";
		};
/* End PBXNativeTarget section */

/* Begin PBXProject section */
		8BE8F2012AE917DF00D758B2 /* Project object */ = {
			isa = PBXProject;
			attributes = {
				BuildIndependentTargetsInParallel = 1;
				LastSwiftUpdateCheck = 1500;
				LastUpgradeCheck = 1500;
				TargetAttributes = {
					8BE8F2082AE917DF00D758B2 = {
						CreatedOnToolsVersion = 15.0;
					};
				};
			};
			buildConfigurationList = 8BE8F2042AE917DF00D758B2 /* Build configuration list for PBXProject "HSE-AI-TicTacToe" */;
			compatibilityVersion = "Xcode 14.0";
			developmentRegion = en;
			hasScannedForEncodings = 0;
			knownRegions = (
				en,
				Base,
			);
			mainGroup = 8BE8F2002AE917DF00D758B2;
			productRefGroup = 8BE8F20A2AE917DF00D758B2 /* Products */;
			projectDirPath = "";
			projectRoot = "";
			targets = (
				8BE8F2082AE917DF00D758B2 /* HSE-AI-TicTacToe */,
			);
		};
/* End PBXProject section */

/* Begin PBXResourcesBuildPhase section */
		8BE8F2072AE917DF00D758B2 /* Resources */ = {
			isa = PBXResourcesBuildPhase;
			buildActionMask = 2147483647;
			files = (
				8BE8F2192AE917E000D758B2 /* LaunchScreen.storyboard in Resources */,
				8BE8F2162AE917E000D758B2 /* Assets.xcassets in Resources */,
			);
			runOnlyForDeploymentPostprocessing = 0;
		};
/* End PBXResourcesBuildPhase section */

/* Begin PBXSourcesBuildPhase section */
		8BE8F2052AE917DF00D758B2 /* Sources */ = {
			isa = PBXSourcesBuildPhase;
			buildActionMask = 2147483647;
			files = (
				8BE8F2292AE9DA3200D758B2 /* CustomUILabel.swift in Sources */,
				8BE8F2232AE919D200D758B2 /* CellsReusingUtils.swift in Sources */,
				8BE8F2212AE9199B00D758B2 /* ViewControllerCollectionCell.swift in Sources */,
				8BE8F2112AE917DF00D758B2 /* ViewController.swift in Sources */,
				8BE8F20D2AE917DF00D758B2 /* AppDelegate.swift in Sources */,
				8BE8F20F2AE917DF00D758B2 /* SceneDelegate.swift in Sources */,
				8BE8F2272AE9CCC100D758B2 /* GameModel.swift in Sources */,
			);
			runOnlyForDeploymentPostprocessing = 0;
		};
/* End PBXSourcesBuildPhase section */

/* Begin PBXVariantGroup section */
		8BE8F2172AE917E000D758B2 /* LaunchScreen.storyboard */ = {
			isa = PBXVariantGroup;
			children = (
				8BE8F2182AE917E000D758B2 /* Base */,
			);
			name = LaunchScreen.storyboard;
			sourceTree = "<group>";
		};
/* End PBXVariantGroup section */

/* Begin XCBuildConfiguration section */
		8BE8F21B2AE917E000D758B2 /* Debug */ = {
			isa = XCBuildConfiguration;
			buildSettings = {
				ALWAYS_SEARCH_USER_PATHS = NO;
				ASSETCATALOG_COMPILER_GENERATE_SWIFT_ASSET_SYMBOL_EXTENSIONS = YES;
				CLANG_ANALYZER_NONNULL = YES;
				CLANG_ANALYZER_NUMBER_OBJECT_CONVERSION = YES_AGGRESSIVE;
				CLANG_CXX_LANGUAGE_STANDARD = "gnu++20";
				CLANG_ENABLE_MODULES = YES;
				CLANG_ENABLE_OBJC_ARC = YES;
				CLANG_ENABLE_OBJC_WEAK = YES;
				CLANG_WARN_BLOCK_CAPTURE_AUTORELEASING = YES;
				CLANG_WARN_BOOL_CONVERSION = YES;
				CLANG_WARN_COMMA = YES;
				CLANG_WARN_CONSTANT_CONVERSION = YES;
				CLANG_WARN_DEPRECATED_OBJC_IMPLEMENTATIONS = YES;
				CLANG_WARN_DIRECT_OBJC_ISA_USAGE = YES_ERROR;
				CLANG_WARN_DOCUMENTATION_COMMENTS = YES;
				CLANG_WARN_EMPTY_BODY = YES;
				CLANG_WARN_ENUM_CONVERSION = YES;
				CLANG_WARN_INFINITE_RECURSION = YES;
				CLANG_WARN_INT_CONVERSION = YES;
				CLANG_WARN_NON_LITERAL_NULL_CONVERSION = YES;
				CLANG_WARN_OBJC_IMPLICIT_RETAIN_SELF = YES;
				CLANG_WARN_OBJC_LITERAL_CONVERSION = YES;
				CLANG_WARN_OBJC_ROOT_CLASS = YES_ERROR;
				CLANG_WARN_QUOTED_INCLUDE_IN_FRAMEWORK_HEADER = YES;
				CLANG_WARN_RANGE_LOOP_ANALYSIS = YES;
				CLANG_WARN_STRICT_PROTOTYPES = YES;
				CLANG_WARN_SUSPICIOUS_MOVE = YES;
				CLANG_WARN_UNGUARDED_AVAILABILITY = YES_AGGRESSIVE;
				CLANG_WARN_UNREACHABLE_CODE = YES;
				CLANG_WARN__DUPLICATE_METHOD_MATCH = YES;
				COPY_PHASE_STRIP = NO;
				DEBUG_INFORMATION_FORMAT = dwarf;
				ENABLE_STRICT_OBJC_MSGSEND = YES;
				ENABLE_TESTABILITY = YES;
				ENABLE_USER_SCRIPT_SANDBOXING = YES;
				GCC_C_LANGUAGE_STANDARD = gnu17;
				GCC_DYNAMIC_NO_PIC = NO;
				GCC_NO_COMMON_BLOCKS = YES;
				GCC_OPTIMIZATION_LEVEL = 0;
				GCC_PREPROCESSOR_DEFINITIONS = (
					"DEBUG=1",
					"$(inherited)",
				);
				GCC_WARN_64_TO_32_BIT_CONVERSION = YES;
				GCC_WARN_ABOUT_RETURN_TYPE = YES_ERROR;
				GCC_WARN_UNDECLARED_SELECTOR = YES;
				GCC_WARN_UNINITIALIZED_AUTOS = YES_AGGRESSIVE;
				GCC_WARN_UNUSED_FUNCTION = YES;
				GCC_WARN_UNUSED_VARIABLE = YES;
				IPHONEOS_DEPLOYMENT_TARGET = 17.0;
				LOCALIZATION_PREFERS_STRING_CATALOGS = YES;
				MTL_ENABLE_DEBUG_INFO = INCLUDE_SOURCE;
				MTL_FAST_MATH = YES;
				ONLY_ACTIVE_ARCH = YES;
				SDKROOT = iphoneos;
				SWIFT_ACTIVE_COMPILATION_CONDITIONS = "DEBUG $(inherited)";
				SWIFT_OPTIMIZATION_LEVEL = "-Onone";
			};
			name = Debug;
		};
		8BE8F21C2AE917E000D758B2 /* Release */ = {
			isa = XCBuildConfiguration;
			buildSettings = {
				ALWAYS_SEARCH_USER_PATHS = NO;
				ASSETCATALOG_COMPILER_GENERATE_SWIFT_ASSET_SYMBOL_EXTENSIONS = YES;
				CLANG_ANALYZER_NONNULL = YES;
				CLANG_ANALYZER_NUMBER_OBJECT_CONVERSION = YES_AGGRESSIVE;
				CLANG_CXX_LANGUAGE_STANDARD = "gnu++20";
				CLANG_ENABLE_MODULES = YES;
				CLANG_ENABLE_OBJC_ARC = YES;
				CLANG_ENABLE_OBJC_WEAK = YES;
				CLANG_WARN_BLOCK_CAPTURE_AUTORELEASING = YES;
				CLANG_WARN_BOOL_CONVERSION = YES;
				CLANG_WARN_COMMA = YES;
				CLANG_WARN_CONSTANT_CONVERSION = YES;
				CLANG_WARN_DEPRECATED_OBJC_IMPLEMENTATIONS = YES;
				CLANG_WARN_DIRECT_OBJC_ISA_USAGE = YES_ERROR;
				CLANG_WARN_DOCUMENTATION_COMMENTS = YES;
				CLANG_WARN_EMPTY_BODY = YES;
				CLANG_WARN_ENUM_CONVERSION = YES;
				CLANG_WARN_INFINITE_RECURSION = YES;
				CLANG_WARN_INT_CONVERSION = YES;
				CLANG_WARN_NON_LITERAL_NULL_CONVERSION = YES;
				CLANG_WARN_OBJC_IMPLICIT_RETAIN_SELF = YES;
				CLANG_WARN_OBJC_LITERAL_CONVERSION = YES;
				CLANG_WARN_OBJC_ROOT_CLASS = YES_ERROR;
				CLANG_WARN_QUOTED_INCLUDE_IN_FRAMEWORK_HEADER = YES;
				CLANG_WARN_RANGE_LOOP_ANALYSIS = YES;
				CLANG_WARN_STRICT_PROTOTYPES = YES;
				CLANG_WARN_SUSPICIOUS_MOVE = YES;
				CLANG_WARN_UNGUARDED_AVAILABILITY = YES_AGGRESSIVE;
				CLANG_WARN_UNREACHABLE_CODE = YES;
				CLANG_WARN__DUPLICATE_METHOD_MATCH = YES;
				COPY_PHASE_STRIP = NO;
				DEBUG_INFORMATION_FORMAT = "dwarf-with-dsym";
				ENABLE_NS_ASSERTIONS = NO;
				ENABLE_STRICT_OBJC_MSGSEND = YES;
				ENABLE_USER_SCRIPT_SANDBOXING = YES;
				GCC_C_LANGUAGE_STANDARD = gnu17;
				GCC_NO_COMMON_BLOCKS = YES;
				GCC_WARN_64_TO_32_BIT_CONVERSION = YES;
				GCC_WARN_ABOUT_RETURN_TYPE = YES_ERROR;
				GCC_WARN_UNDECLARED_SELECTOR = YES;
				GCC_WARN_UNINITIALIZED_AUTOS = YES_AGGRESSIVE;
				GCC_WARN_UNUSED_FUNCTION = YES;
				GCC_WARN_UNUSED_VARIABLE = YES;
				IPHONEOS_DEPLOYMENT_TARGET = 17.0;
				LOCALIZATION_PREFERS_STRING_CATALOGS = YES;
				MTL_ENABLE_DEBUG_INFO = NO;
				MTL_FAST_MATH = YES;
				SDKROOT = iphoneos;
				SWIFT_COMPILATION_MODE = wholemodule;
				VALIDATE_PRODUCT = YES;
			};
			name = Release;
		};
		8BE8F21E2AE917E000D758B2 /* Debug */ = {
			isa = XCBuildConfiguration;
			buildSettings = {
				ASSETCATALOG_COMPILER_APPICON_NAME = AppIcon;
				ASSETCATALOG_COMPILER_GLOBAL_ACCENT_COLOR_NAME = AccentColor;
				CODE_SIGN_STYLE = Automatic;
				CURRENT_PROJECT_VERSION = 1;
				DEVELOPMENT_TEAM = VJ2CVRDMSL;
				GENERATE_INFOPLIST_FILE = YES;
				INFOPLIST_FILE = "HSE-AI-TicTacToe/Info.plist";
				INFOPLIST_KEY_LSApplicationCategoryType = "public.app-category.games";
				INFOPLIST_KEY_UIApplicationSupportsIndirectInputEvents = YES;
				INFOPLIST_KEY_UILaunchStoryboardName = LaunchScreen;
				INFOPLIST_KEY_UISupportedInterfaceOrientations = UIInterfaceOrientationPortrait;
				INFOPLIST_KEY_UISupportedInterfaceOrientations_iPad = "UIInterfaceOrientationLandscapeLeft UIInterfaceOrientationLandscapeRight UIInterfaceOrientationPortrait UIInterfaceOrientationPortraitUpsideDown";
				LD_RUNPATH_SEARCH_PATHS = (
					"$(inherited)",
					"@executable_path/Frameworks",
				);
				MARKETING_VERSION = 1.0;
				PRODUCT_BUNDLE_IDENTIFIER = "com.miamib34ch.HSE-AI-TicTacToe";
				PRODUCT_NAME = "$(TARGET_NAME)";
				SUPPORTED_PLATFORMS = "iphoneos iphonesimulator";
				SUPPORTS_MACCATALYST = NO;
				SUPPORTS_MAC_DESIGNED_FOR_IPHONE_IPAD = NO;
				SWIFT_EMIT_LOC_STRINGS = YES;
				SWIFT_VERSION = 5.0;
				TARGETED_DEVICE_FAMILY = 1;
			};
			name = Debug;
		};
		8BE8F21F2AE917E000D758B2 /* Release */ = {
			isa = XCBuildConfiguration;
			buildSettings = {
				ASSETCATALOG_COMPILER_APPICON_NAME = AppIcon;
				ASSETCATALOG_COMPILER_GLOBAL_ACCENT_COLOR_NAME = AccentColor;
				CODE_SIGN_STYLE = Automatic;
				CURRENT_PROJECT_VERSION = 1;
				DEVELOPMENT_TEAM = VJ2CVRDMSL;
				GENERATE_INFOPLIST_FILE = YES;
				INFOPLIST_FILE = "HSE-AI-TicTacToe/Info.plist";
				INFOPLIST_KEY_LSApplicationCategoryType = "public.app-category.games";
				INFOPLIST_KEY_UIApplicationSupportsIndirectInputEvents = YES;
				INFOPLIST_KEY_UILaunchStoryboardName = LaunchScreen;
				INFOPLIST_KEY_UISupportedInterfaceOrientations = UIInterfaceOrientationPortrait;
				INFOPLIST_KEY_UISupportedInterfaceOrientations_iPad = "UIInterfaceOrientationLandscapeLeft UIInterfaceOrientationLandscapeRight UIInterfaceOrientationPortrait UIInterfaceOrientationPortraitUpsideDown";
				LD_RUNPATH_SEARCH_PATHS = (
					"$(inherited)",
					"@executable_path/Frameworks",
				);
				MARKETING_VERSION = 1.0;
				PRODUCT_BUNDLE_IDENTIFIER = "com.miamib34ch.HSE-AI-TicTacToe";
				PRODUCT_NAME = "$(TARGET_NAME)";
				SUPPORTED_PLATFORMS = "iphoneos iphonesimulator";
				SUPPORTS_MACCATALYST = NO;
				SUPPORTS_MAC_DESIGNED_FOR_IPHONE_IPAD = NO;
				SWIFT_EMIT_LOC_STRINGS = YES;
				SWIFT_VERSION = 5.0;
				TARGETED_DEVICE_FAMILY = 1;
			};
			name = Release;
		};
/* End XCBuildConfiguration section */

/* Begin XCConfigurationList section */
		8BE8F2042AE917DF00D758B2 /* Build configuration list for PBXProject "HSE-AI-TicTacToe" */ = {
			isa = XCConfigurationList;
			buildConfigurations = (
				8BE8F21B2AE917E000D758B2 /* Debug */,
				8BE8F21C2AE917E000D758B2 /* Release */,
			);
			defaultConfigurationIsVisible = 0;
			defaultConfigurationName = Release;
		};
		8BE8F21D2AE917E000D758B2 /* Build configuration list for PBXNativeTarget "HSE-AI-TicTacToe" */ = {
			isa = XCConfigurationList;
			buildConfigurations = (
				8BE8F21E2AE917E000D758B2 /* Debug */,
				8BE8F21F2AE917E000D758B2 /* Release */,
			);
			defaultConfigurationIsVisible = 0;
			defaultConfigurationName = Release;
		};
/* End XCConfigurationList section */
	};
	rootObject = 8BE8F2012AE917DF00D758B2 /* Project object */;
}
